
Microsoft Visual Studio Solution File, Format Version 12.00
# Visual Studio for Mac
Project("{FAE04EC0-301F-11D3-BF4B-00C04F79EFBC}") = "Assembly-CSharp", "Assembly-CSharp.csproj", "{67EAB157-83CF-40A8-7533-1F7EEEFC03CD}"
EndProject
Project("{FAE04EC0-301F-11D3-BF4B-00C04F79EFBC}") = "Assembly-CSharp-Editor", "Assembly-CSharp-Editor.csproj", "{B0A1C9E4-46D3-6B6C-B015-5E9E0824E40A}"
EndProject
Global
	GlobalSection(SolutionConfigurationPlatforms) = preSolution
		Debug|Any CPU = Debug|Any CPU
		Release|Any CPU = Release|Any CPU
	EndGlobalSection
	GlobalSection(ProjectConfigurationPlatforms) = postSolution
		{67EAB157-83CF-40A8-7533-1F7EEEFC03CD}.Debug|Any CPU.ActiveCfg = Debug|Any CPU
		{67EAB157-83CF-40A8-7533-1F7EEEFC03CD}.Debug|Any CPU.Build.0 = Debug|Any CPU
		{67EAB157-83CF-40A8-7533-1F7EEEFC03CD}.Release|Any CPU.ActiveCfg = Release|Any CPU
		{67EAB157-83CF-40A8-7533-1F7EEEFC03CD}.Release|Any CPU.Build.0 = Release|Any CPU
		{B0A1C9E4-46D3-6B6C-B015-5E9E0824E40A}.Debug|Any CPU.ActiveCfg = Debug|Any CPU
		{B0A1C9E4-46D3-6B6C-B015-5E9E0824E40A}.Debug|Any CPU.Build.0 = Debug|Any CPU
		{B0A1C9E4-46D3-6B6C-B015-5E9E0824E40A}.Release|Any CPU.ActiveCfg = Release|Any CPU
		{B0A1C9E4-46D3-6B6C-B015-5E9E0824E40A}.Release|Any CPU.Build.0 = Release|Any CPU
	EndGlobalSection
	GlobalSection(SolutionProperties) = preSolution
		HideSolutionNode = FALSE
	EndGlobalSection
EndGlobal
